
Microsoft Visual Studio Solution File, Format Version 12.00
# Visual Studio Version 16
VisualStudioVersion = 16.0.30002.166
MinimumVisualStudioVersion = 10.0.40219.1
Project("{FAE04EC0-301F-11D3-BF4B-00C04F79EFBC}") = "DemoCode", "DemoCode\DemoCode.csproj", "{9857B0DB-7515-4109-BD69-E775D0839EF2}"
EndProject
Global
	GlobalSection(SolutionConfigurationPlatforms) = preSolution
		Debug|Any CPU = Debug|Any CPU
		Release|Any CPU = Release|Any CPU
	EndGlobalSection
	GlobalSection(ProjectConfigurationPlatforms) = postSolution
		{9857B0DB-7515-4109-BD69-E775D0839EF2}.Debug|Any CPU.ActiveCfg = Debug|Any CPU
		{9857B0DB-7515-4109-BD69-E775D0839EF2}.Debug|Any CPU.Build.0 = Debug|Any CPU
		{9857B0DB-7515-4109-BD69-E775D0839EF2}.Release|Any CPU.ActiveCfg = Release|Any CPU
		{9857B0DB-7515-4109-BD69-E775D0839EF2}.Release|Any CPU.Build.0 = Release|Any CPU
	EndGlobalSection
	GlobalSection(SolutionProperties) = preSolution
		HideSolutionNode = FALSE
	EndGlobalSection
	GlobalSection(ExtensibilityGlobals) = postSolution
		SolutionGuid = {09D29006-2633-474D-B3C4-4993E26874B4}
	EndGlobalSection
EndGlobal
