
Microsoft Visual Studio Solution File, Format Version 12.00
# Visual Studio Version 17
VisualStudioVersion = 17.0.32112.339
MinimumVisualStudioVersion = 10.0.40219.1
Project("{9A19103F-16F7-4668-BE54-9A1E7A4F7556}") = "CarvedRock.Gui.Console", "CarvedRock\CarvedRock.Gui.Console.csproj", "{EBC3DB15-2A36-4F7A-9238-8762CA6EEFC8}"
EndProject
Project("{9A19103F-16F7-4668-BE54-9A1E7A4F7556}") = "CarvedRock.DataAccess", "CarvedRock.DataAccess\CarvedRock.DataAccess.csproj", "{17EBA4F3-ED14-4B54-98EB-CDCB864E0E5E}"
EndProject
Project("{2150E333-8FDC-42A3-9474-1A3956D46DE8}") = "Solution Items", "Solution Items", "{D9FD9A13-F291-430C-92B0-424C62DE01D5}"
	ProjectSection(SolutionItems) = preProject
		.editorconfig = .editorconfig
	EndProjectSection
EndProject
Global
	GlobalSection(SolutionConfigurationPlatforms) = preSolution
		Debug|Any CPU = Debug|Any CPU
		Release|Any CPU = Release|Any CPU
	EndGlobalSection
	GlobalSection(ProjectConfigurationPlatforms) = postSolution
		{EBC3DB15-2A36-4F7A-9238-8762CA6EEFC8}.Debug|Any CPU.ActiveCfg = Debug|Any CPU
		{EBC3DB15-2A36-4F7A-9238-8762CA6EEFC8}.Debug|Any CPU.Build.0 = Debug|Any CPU
		{EBC3DB15-2A36-4F7A-9238-8762CA6EEFC8}.Release|Any CPU.ActiveCfg = Release|Any CPU
		{EBC3DB15-2A36-4F7A-9238-8762CA6EEFC8}.Release|Any CPU.Build.0 = Release|Any CPU
		{17EBA4F3-ED14-4B54-98EB-CDCB864E0E5E}.Debug|Any CPU.ActiveCfg = Debug|Any CPU
		{17EBA4F3-ED14-4B54-98EB-CDCB864E0E5E}.Debug|Any CPU.Build.0 = Debug|Any CPU
		{17EBA4F3-ED14-4B54-98EB-CDCB864E0E5E}.Release|Any CPU.ActiveCfg = Release|Any CPU
		{17EBA4F3-ED14-4B54-98EB-CDCB864E0E5E}.Release|Any CPU.Build.0 = Release|Any CPU
	EndGlobalSection
	GlobalSection(SolutionProperties) = preSolution
		HideSolutionNode = FALSE
	EndGlobalSection
	GlobalSection(ExtensibilityGlobals) = postSolution
		SolutionGuid = {BE77D92C-C6A5-4B2B-B0BC-7AD5C42DE616}
	EndGlobalSection
EndGlobal
